
Microsoft Visual Studio Solution File, Format Version 12.00
# Visual Studio Version 16
VisualStudioVersion = 16.0.30011.22
MinimumVisualStudioVersion = 10.0.40219.1
Project("{FAE04EC0-301F-11D3-BF4B-00C04F79EFBC}") = "WorkingWithTelerikGrid", "WorkingWithTelerikGrid\WorkingWithTelerikGrid.csproj", "{A7885D56-4C80-462C-BF87-C7709D59B388}"
EndProject
Global
	GlobalSection(SolutionConfigurationPlatforms) = preSolution
		Debug|Any CPU = Debug|Any CPU
		Release|Any CPU = Release|Any CPU
	EndGlobalSection
	GlobalSection(ProjectConfigurationPlatforms) = postSolution
		{A7885D56-4C80-462C-BF87-C7709D59B388}.Debug|Any CPU.ActiveCfg = Debug|Any CPU
		{A7885D56-4C80-462C-BF87-C7709D59B388}.Debug|Any CPU.Build.0 = Debug|Any CPU
		{A7885D56-4C80-462C-BF87-C7709D59B388}.Release|Any CPU.ActiveCfg = Release|Any CPU
		{A7885D56-4C80-462C-BF87-C7709D59B388}.Release|Any CPU.Build.0 = Release|Any CPU
	EndGlobalSection
	GlobalSection(SolutionProperties) = preSolution
		HideSolutionNode = FALSE
	EndGlobalSection
	GlobalSection(ExtensibilityGlobals) = postSolution
		SolutionGuid = {AC19B612-AAC3-4ACB-93E6-B479B0252191}
	EndGlobalSection
EndGlobal
